{
	"name": "@jakogut/node-qmp",
	"version": "0.0.2",
	"lockfileVersion": 2,
	"requires": true,
	"packages": {
		"": {
			"name": "@jakogut/node-qmp",
			"version": "0.0.2",
			"dependencies": {
				"@jakogut/node-qmp": "^0.0.1"
			},
			"devDependencies": {
				"@types/node": "^18.11.10"
			}
		},
		"node_modules/@jakogut/node-qmp": {
			"version": "0.0.1",
			"resolved": "https://registry.npmjs.org/@jakogut/node-qmp/-/node-qmp-0.0.1.tgz",
			"integrity": "sha512-NrFz7nUoptHU99+T7LSRmtDdb/ihQqGxG3AgCQexnUfoyEWxc26h45wSSfegdV6lPbk3zZY6EN8b+soeyEldLw=="
		},
		"node_modules/@types/node": {
			"version": "18.11.10",
			"resolved": "https://registry.npmjs.org/@types/node/-/node-18.11.10.tgz",
			"integrity": "sha512-juG3RWMBOqcOuXC643OAdSA525V44cVgGV6dUDuiFtss+8Fk5x1hI93Rsld43VeJVIeqlP9I7Fn9/qaVqoEAuQ==",
			"dev": true
		}
	},
	"dependencies": {
		"@jakogut/node-qmp": {
			"version": "0.0.1",
			"resolved": "https://registry.npmjs.org/@jakogut/node-qmp/-/node-qmp-0.0.1.tgz",
			"integrity": "sha512-NrFz7nUoptHU99+T7LSRmtDdb/ihQqGxG3AgCQexnUfoyEWxc26h45wSSfegdV6lPbk3zZY6EN8b+soeyEldLw=="
		},
		"@types/node": {
			"version": "18.11.10",
			"resolved": "https://registry.npmjs.org/@types/node/-/node-18.11.10.tgz",
			"integrity": "sha512-juG3RWMBOqcOuXC643OAdSA525V44cVgGV6dUDuiFtss+8Fk5x1hI93Rsld43VeJVIeqlP9I7Fn9/qaVqoEAuQ==",
			"dev": true
		}
	}
}
